{
  "object": {
    "pins": [
      {
        "package": "Clibavcodec",
        "repositoryURL": "https://www.github.com/krad/Clibavcodec.git",
        "state": {
          "branch": null,
          "revision": "22affdea1cc8766f73a4e6e479722dde2ffa384e",
          "version": "0.0.3"
        }
      }
    ]
  },
  "version": 1
}
